{
  "name": "seal_security_project",
  "lockfileVersion": 3,
  "requires": true,
  "packages": {
    "": {
      "dependencies": {
        "tough-cookie": "file:tough-cookie-2.5.0-PATCHED.tgz"
      }
    },
    "node_modules/psl": {
      "version": "1.9.0",
      "resolved": "https://registry.npmjs.org/psl/-/psl-1.9.0.tgz",
      "integrity": "sha512-E/ZsdU4HLs/68gYzgGTkMicWTLPdAftJLfJFlLUAAKZGkStNU72sZjT66SnMDVOfOWY/YAoiD7Jxa9iHvngcag=="
    },
    "node_modules/punycode": {
      "version": "2.3.1",
      "resolved": "https://registry.npmjs.org/punycode/-/punycode-2.3.1.tgz",
      "integrity": "sha512-vYt7UD1U9Wg6138shLtLOvdAu+8DsC/ilFtEVHcH+wydcSpNE20AfSOduf6MkRFahL5FY7X1oU7nKVZFtfq8Fg==",
      "engines": {
        "node": ">=6"
      }
    },
    "node_modules/tough-cookie": {
      "version": "2.5.0",
      "resolved": "file:tough-cookie-2.5.0-PATCHED.tgz",
      "integrity": "sha512-N6Tl+WpH2QTNZsOT9uQ+4GeVqhcpliCMEBBdQfAyzVP11txHB6RD8//eBwgfm0hnegiySDR4VOXk03MFiRr8Eg==",
      "license": "BSD-3-Clause",
      "dependencies": {
        "psl": "^1.1.28",
        "punycode": "^2.1.1"
      },
      "engines": {
        "node": ">=0.8"
      }
    }
  }
}
